
Microsoft Visual Studio Solution File, Format Version 12.00
# Visual Studio 15
VisualStudioVersion = 15.0.28307.572
MinimumVisualStudioVersion = 10.0.40219.1
Project("{FAE04EC0-301F-11D3-BF4B-00C04F79EFBC}") = "RomanNumerics", "RomanNumerics\RomanNumerics.csproj", "{98988957-DEB3-4094-A37E-EBE41456D5ED}"
EndProject
Project("{FAE04EC0-301F-11D3-BF4B-00C04F79EFBC}") = "UnitTestRomanNumerics", "UnitTestRomanNumerics\UnitTestRomanNumerics.csproj", "{7726A260-627E-4471-9ED7-8B7FEDA8D6B9}"
EndProject
Global
	GlobalSection(SolutionConfigurationPlatforms) = preSolution
		Debug|Any CPU = Debug|Any CPU
		Release|Any CPU = Release|Any CPU
	EndGlobalSection
	GlobalSection(ProjectConfigurationPlatforms) = postSolution
		{98988957-DEB3-4094-A37E-EBE41456D5ED}.Debug|Any CPU.ActiveCfg = Debug|Any CPU
		{98988957-DEB3-4094-A37E-EBE41456D5ED}.Debug|Any CPU.Build.0 = Debug|Any CPU
		{98988957-DEB3-4094-A37E-EBE41456D5ED}.Release|Any CPU.ActiveCfg = Release|Any CPU
		{98988957-DEB3-4094-A37E-EBE41456D5ED}.Release|Any CPU.Build.0 = Release|Any CPU
		{7726A260-627E-4471-9ED7-8B7FEDA8D6B9}.Debug|Any CPU.ActiveCfg = Debug|Any CPU
		{7726A260-627E-4471-9ED7-8B7FEDA8D6B9}.Debug|Any CPU.Build.0 = Debug|Any CPU
		{7726A260-627E-4471-9ED7-8B7FEDA8D6B9}.Release|Any CPU.ActiveCfg = Release|Any CPU
		{7726A260-627E-4471-9ED7-8B7FEDA8D6B9}.Release|Any CPU.Build.0 = Release|Any CPU
	EndGlobalSection
	GlobalSection(SolutionProperties) = preSolution
		HideSolutionNode = FALSE
	EndGlobalSection
	GlobalSection(ExtensibilityGlobals) = postSolution
		SolutionGuid = {5988C738-881F-4A37-84EC-2E01043D916C}
	EndGlobalSection
EndGlobal
